hash: 697c6b1109142f4704d3633907f89f6a24afc78356765bb7f1e749b0f8d0fbf5
updated: 2018-03-29T17:56:00.14755189+02:00
imports:
- name: github.com/bborbe/io
  version: 8c22cf733cf166b247318b0786eec0c7cad9208a
  subpackages:
  - util
- name: github.com/golang/glog
  version: 23def4e6c14b4da8ac2ed8007337bc5eb5007998
- name: gopkg.in/yaml.v2
  version: 5420a8b6744d3b0345ab293f6fcba19c978f1183
testImports: []
